%{"amnesia": {:git, "git://github.com/meh/amnesia.git", "1fe9b117b43ebe304ff2303150ac8a0b2a97f909", []},
  "bullet": {:git, "git://github.com/extend/bullet.git", "999f02f57c75edf7ddb5ed08b667ac6657418422", []},
  "conform": {:package, "0.10.3"},
  "continuum": {:git, "git://github.com/meh/continuum.git", "902d42857065570412c56ea312c198bf35b554ae", []},
  "cowboy": {:git, "git://github.com/extend/cowboy.git", "db52494371ea249f38d51108c7d79cf487ff6374", [tag: "0.9.0"]},
  "cowlib": {:git, "git://github.com/extend/cowlib.git", "63298e8e160031a70efff86a1acde7e7db1fcda6", [ref: "0.4.0"]},
  "exactor": {:git, "git://github.com/sasa1977/exactor.git", "027c8b3a99404a7195e7d64845d1a4db65ae6d6e", []},
  "exdk": {:git, "git://github.com/timCF/exdk.git", "1a306b58a51284edffc6664adccd3a0976d389bb", []},
  "exlager": {:git, "git://github.com/khia/exlager.git", "dca404300b04d2ad8f42e9ecc6f4c757e169071f", []},
  "exquisite": {:package, "0.1.2"},
  "exrm": {:git, "git://github.com/bitwalker/exrm.git", "8838224b673feca4fc91fac766b0aa8cc2a220cb", []},
  "goldrush": {:git, "git://github.com/DeadZen/goldrush.git", "71e63212f12c25827e0c1b4198d37d5d018a7fec", [tag: "0.1.6"]},
  "jazz": {:git, "git://github.com/meh/jazz.git", "49f335492aca5516495199dd81dd18b845ebaa69", []},
  "lager": {:git, "https://github.com/basho/lager.git", "dd267603e93e8babe9ef9164fc176b430d669431", []},
  "ranch": {:git, "git://github.com/extend/ranch.git", "5df1f222f94e08abdcab7084f5e13027143cc222", [ref: "0.9.0"]}}
